
Microsoft Visual Studio Solution File, Format Version 12.00
# Visual Studio Version 17
VisualStudioVersion = 17.2.32526.322
MinimumVisualStudioVersion = 10.0.40219.1
Project("{FAE04EC0-301F-11D3-BF4B-00C04F79EFBC}") = "Entra21.TrabalhoLocadora", "LocadoraForm\Entra21.TrabalhoLocadora.csproj", "{C50835CF-5F8C-45F9-A708-CDA05F721448}"
EndProject
Global
	GlobalSection(SolutionConfigurationPlatforms) = preSolution
		Debug|Any CPU = Debug|Any CPU
		Release|Any CPU = Release|Any CPU
	EndGlobalSection
	GlobalSection(ProjectConfigurationPlatforms) = postSolution
		{C50835CF-5F8C-45F9-A708-CDA05F721448}.Debug|Any CPU.ActiveCfg = Debug|Any CPU
		{C50835CF-5F8C-45F9-A708-CDA05F721448}.Debug|Any CPU.Build.0 = Debug|Any CPU
		{C50835CF-5F8C-45F9-A708-CDA05F721448}.Release|Any CPU.ActiveCfg = Release|Any CPU
		{C50835CF-5F8C-45F9-A708-CDA05F721448}.Release|Any CPU.Build.0 = Release|Any CPU
	EndGlobalSection
	GlobalSection(SolutionProperties) = preSolution
		HideSolutionNode = FALSE
	EndGlobalSection
	GlobalSection(ExtensibilityGlobals) = postSolution
		SolutionGuid = {377A1309-1802-4E79-9419-60F7FD26CAAC}
	EndGlobalSection
EndGlobal
